{
  "nodes": {
    "nixpkgs": {
      "locked": {
        "lastModified": 1602073410,
        "narHash": "sha256-Sm02HUnyh66agyXFy2biV7q7kULiPthP0NUO+4OPj5o=",
        "owner": "NixOS",
        "repo": "nixpkgs",
        "rev": "067d8e6c9f4ad3df62d4c9359865747aedea8853",
        "type": "github"
      },
      "original": {
        "owner": "NixOS",
        "ref": "nixos-20.03",
        "repo": "nixpkgs",
        "type": "github"
      }
    },
    "root": {
      "inputs": {
        "nixpkgs": "nixpkgs"
      }
    }
  },
  "root": "root",
  "version": 7
}
